
Microsoft Visual Studio Solution File, Format Version 12.00
Project("{FAE04EC0-301F-11D3-BF4B-00C04F79EFBC}") = "Ayurveda", "Ayurveda\Ayurveda.csproj", "{DF0A476C-CEA9-4CAB-9EF3-B61D7CC04894}"
EndProject
Project("{FAE04EC0-301F-11D3-BF4B-00C04F79EFBC}") = "Solver", "Solver\Solver.csproj", "{5D61A04D-CCBC-4E34-994E-E21D9B488E68}"
EndProject
Project("{FAE04EC0-301F-11D3-BF4B-00C04F79EFBC}") = "Solver.Tests", "Solver.Tests\Solver.Tests.csproj", "{418F7A84-9490-4351-9691-A3775040F4AF}"
EndProject
Global
	GlobalSection(SolutionConfigurationPlatforms) = preSolution
		Debug|Any CPU = Debug|Any CPU
		Release|Any CPU = Release|Any CPU
	EndGlobalSection
	GlobalSection(ProjectConfigurationPlatforms) = postSolution
		{DF0A476C-CEA9-4CAB-9EF3-B61D7CC04894}.Debug|Any CPU.ActiveCfg = Debug|Any CPU
		{DF0A476C-CEA9-4CAB-9EF3-B61D7CC04894}.Debug|Any CPU.Build.0 = Debug|Any CPU
		{DF0A476C-CEA9-4CAB-9EF3-B61D7CC04894}.Release|Any CPU.ActiveCfg = Release|Any CPU
		{DF0A476C-CEA9-4CAB-9EF3-B61D7CC04894}.Release|Any CPU.Build.0 = Release|Any CPU
		{5D61A04D-CCBC-4E34-994E-E21D9B488E68}.Debug|Any CPU.ActiveCfg = Debug|Any CPU
		{5D61A04D-CCBC-4E34-994E-E21D9B488E68}.Debug|Any CPU.Build.0 = Debug|Any CPU
		{5D61A04D-CCBC-4E34-994E-E21D9B488E68}.Release|Any CPU.ActiveCfg = Release|Any CPU
		{5D61A04D-CCBC-4E34-994E-E21D9B488E68}.Release|Any CPU.Build.0 = Release|Any CPU
		{418F7A84-9490-4351-9691-A3775040F4AF}.Debug|Any CPU.ActiveCfg = Debug|Any CPU
		{418F7A84-9490-4351-9691-A3775040F4AF}.Debug|Any CPU.Build.0 = Debug|Any CPU
		{418F7A84-9490-4351-9691-A3775040F4AF}.Release|Any CPU.ActiveCfg = Release|Any CPU
		{418F7A84-9490-4351-9691-A3775040F4AF}.Release|Any CPU.Build.0 = Release|Any CPU
	EndGlobalSection
EndGlobal
